
Microsoft Visual Studio Solution File, Format Version 12.00
# Visual Studio Version 16
VisualStudioVersion = 16.0.31727.386
MinimumVisualStudioVersion = 10.0.40219.1
Project("{FAE04EC0-301F-11D3-BF4B-00C04F79EFBC}") = "SimplePasswordManager.Android", "SimplePasswordManager\SimplePasswordManager.Android\SimplePasswordManager.Android.csproj", "{E3BF5C14-1CD6-446F-8966-228900E49C0F}"
EndProject
Project("{FAE04EC0-301F-11D3-BF4B-00C04F79EFBC}") = "SimplePasswordManager.iOS", "SimplePasswordManager\SimplePasswordManager.iOS\SimplePasswordManager.iOS.csproj", "{40535238-2EDE-4794-9660-68E31258C138}"
EndProject
Project("{FAE04EC0-301F-11D3-BF4B-00C04F79EFBC}") = "SimplePasswordManager", "SimplePasswordManager\SimplePasswordManager\SimplePasswordManager.csproj", "{BE48C69B-08A7-48E5-B91E-FC6789B9087B}"
EndProject
Global
	GlobalSection(SolutionConfigurationPlatforms) = preSolution
		Debug|Any CPU = Debug|Any CPU
		Debug|iPhone = Debug|iPhone
		Debug|iPhoneSimulator = Debug|iPhoneSimulator
		Release|Any CPU = Release|Any CPU
		Release|iPhone = Release|iPhone
		Release|iPhoneSimulator = Release|iPhoneSimulator
	EndGlobalSection
	GlobalSection(ProjectConfigurationPlatforms) = postSolution
		{E3BF5C14-1CD6-446F-8966-228900E49C0F}.Debug|Any CPU.ActiveCfg = Debug|Any CPU
		{E3BF5C14-1CD6-446F-8966-228900E49C0F}.Debug|Any CPU.Build.0 = Debug|Any CPU
		{E3BF5C14-1CD6-446F-8966-228900E49C0F}.Debug|Any CPU.Deploy.0 = Debug|Any CPU
		{E3BF5C14-1CD6-446F-8966-228900E49C0F}.Debug|iPhone.ActiveCfg = Debug|Any CPU
		{E3BF5C14-1CD6-446F-8966-228900E49C0F}.Debug|iPhone.Build.0 = Debug|Any CPU
		{E3BF5C14-1CD6-446F-8966-228900E49C0F}.Debug|iPhone.Deploy.0 = Debug|Any CPU
		{E3BF5C14-1CD6-446F-8966-228900E49C0F}.Debug|iPhoneSimulator.ActiveCfg = Debug|Any CPU
		{E3BF5C14-1CD6-446F-8966-228900E49C0F}.Debug|iPhoneSimulator.Build.0 = Debug|Any CPU
		{E3BF5C14-1CD6-446F-8966-228900E49C0F}.Debug|iPhoneSimulator.Deploy.0 = Debug|Any CPU
		{E3BF5C14-1CD6-446F-8966-228900E49C0F}.Release|Any CPU.ActiveCfg = Release|Any CPU
		{E3BF5C14-1CD6-446F-8966-228900E49C0F}.Release|Any CPU.Build.0 = Release|Any CPU
		{E3BF5C14-1CD6-446F-8966-228900E49C0F}.Release|Any CPU.Deploy.0 = Release|Any CPU
		{E3BF5C14-1CD6-446F-8966-228900E49C0F}.Release|iPhone.ActiveCfg = Release|Any CPU
		{E3BF5C14-1CD6-446F-8966-228900E49C0F}.Release|iPhone.Build.0 = Release|Any CPU
		{E3BF5C14-1CD6-446F-8966-228900E49C0F}.Release|iPhone.Deploy.0 = Release|Any CPU
		{E3BF5C14-1CD6-446F-8966-228900E49C0F}.Release|iPhoneSimulator.ActiveCfg = Release|Any CPU
		{E3BF5C14-1CD6-446F-8966-228900E49C0F}.Release|iPhoneSimulator.Build.0 = Release|Any CPU
		{E3BF5C14-1CD6-446F-8966-228900E49C0F}.Release|iPhoneSimulator.Deploy.0 = Release|Any CPU
		{40535238-2EDE-4794-9660-68E31258C138}.Debug|Any CPU.ActiveCfg = Debug|iPhone
		{40535238-2EDE-4794-9660-68E31258C138}.Debug|Any CPU.Build.0 = Debug|iPhone
		{40535238-2EDE-4794-9660-68E31258C138}.Debug|Any CPU.Deploy.0 = Debug|iPhone
		{40535238-2EDE-4794-9660-68E31258C138}.Debug|iPhone.ActiveCfg = Debug|iPhone
		{40535238-2EDE-4794-9660-68E31258C138}.Debug|iPhone.Build.0 = Debug|iPhone
		{40535238-2EDE-4794-9660-68E31258C138}.Debug|iPhone.Deploy.0 = Debug|iPhone
		{40535238-2EDE-4794-9660-68E31258C138}.Debug|iPhoneSimulator.ActiveCfg = Debug|iPhoneSimulator
		{40535238-2EDE-4794-9660-68E31258C138}.Debug|iPhoneSimulator.Build.0 = Debug|iPhoneSimulator
		{40535238-2EDE-4794-9660-68E31258C138}.Debug|iPhoneSimulator.Deploy.0 = Debug|iPhoneSimulator
		{40535238-2EDE-4794-9660-68E31258C138}.Release|Any CPU.ActiveCfg = Release|iPhoneSimulator
		{40535238-2EDE-4794-9660-68E31258C138}.Release|Any CPU.Build.0 = Release|iPhoneSimulator
		{40535238-2EDE-4794-9660-68E31258C138}.Release|Any CPU.Deploy.0 = Release|iPhoneSimulator
		{40535238-2EDE-4794-9660-68E31258C138}.Release|iPhone.ActiveCfg = Release|iPhone
		{40535238-2EDE-4794-9660-68E31258C138}.Release|iPhone.Build.0 = Release|iPhone
		{40535238-2EDE-4794-9660-68E31258C138}.Release|iPhone.Deploy.0 = Release|iPhone
		{40535238-2EDE-4794-9660-68E31258C138}.Release|iPhoneSimulator.ActiveCfg = Release|iPhoneSimulator
		{40535238-2EDE-4794-9660-68E31258C138}.Release|iPhoneSimulator.Build.0 = Release|iPhoneSimulator
		{40535238-2EDE-4794-9660-68E31258C138}.Release|iPhoneSimulator.Deploy.0 = Release|iPhoneSimulator
		{BE48C69B-08A7-48E5-B91E-FC6789B9087B}.Debug|Any CPU.ActiveCfg = Debug|Any CPU
		{BE48C69B-08A7-48E5-B91E-FC6789B9087B}.Debug|Any CPU.Build.0 = Debug|Any CPU
		{BE48C69B-08A7-48E5-B91E-FC6789B9087B}.Debug|Any CPU.Deploy.0 = Debug|Any CPU
		{BE48C69B-08A7-48E5-B91E-FC6789B9087B}.Debug|iPhone.ActiveCfg = Debug|Any CPU
		{BE48C69B-08A7-48E5-B91E-FC6789B9087B}.Debug|iPhone.Build.0 = Debug|Any CPU
		{BE48C69B-08A7-48E5-B91E-FC6789B9087B}.Debug|iPhone.Deploy.0 = Debug|Any CPU
		{BE48C69B-08A7-48E5-B91E-FC6789B9087B}.Debug|iPhoneSimulator.ActiveCfg = Debug|Any CPU
		{BE48C69B-08A7-48E5-B91E-FC6789B9087B}.Debug|iPhoneSimulator.Build.0 = Debug|Any CPU
		{BE48C69B-08A7-48E5-B91E-FC6789B9087B}.Debug|iPhoneSimulator.Deploy.0 = Debug|Any CPU
		{BE48C69B-08A7-48E5-B91E-FC6789B9087B}.Release|Any CPU.ActiveCfg = Release|Any CPU
		{BE48C69B-08A7-48E5-B91E-FC6789B9087B}.Release|Any CPU.Build.0 = Release|Any CPU
		{BE48C69B-08A7-48E5-B91E-FC6789B9087B}.Release|Any CPU.Deploy.0 = Release|Any CPU
		{BE48C69B-08A7-48E5-B91E-FC6789B9087B}.Release|iPhone.ActiveCfg = Release|Any CPU
		{BE48C69B-08A7-48E5-B91E-FC6789B9087B}.Release|iPhone.Build.0 = Release|Any CPU
		{BE48C69B-08A7-48E5-B91E-FC6789B9087B}.Release|iPhone.Deploy.0 = Release|Any CPU
		{BE48C69B-08A7-48E5-B91E-FC6789B9087B}.Release|iPhoneSimulator.ActiveCfg = Release|Any CPU
		{BE48C69B-08A7-48E5-B91E-FC6789B9087B}.Release|iPhoneSimulator.Build.0 = Release|Any CPU
		{BE48C69B-08A7-48E5-B91E-FC6789B9087B}.Release|iPhoneSimulator.Deploy.0 = Release|Any CPU
	EndGlobalSection
	GlobalSection(SolutionProperties) = preSolution
		HideSolutionNode = FALSE
	EndGlobalSection
	GlobalSection(ExtensibilityGlobals) = postSolution
		SolutionGuid = {333619A2-3CB2-4660-ACEB-BC4425522240}
	EndGlobalSection
EndGlobal
